
Microsoft Visual Studio Solution File, Format Version 12.00
# Visual Studio 2012
Project("{FAE04EC0-301F-11D3-BF4B-00C04F79EFBC}") = "Nimbus.ConsoleHost", "Nimbus.ConsoleHost\Nimbus.ConsoleHost.csproj", "{3C5FA9D5-0CE6-4C7E-8D95-27A4187CC797}"
	ProjectSection(ProjectDependencies) = postProject
		{88D9068C-E0CB-4FE5-84EB-4278ACEA5808} = {88D9068C-E0CB-4FE5-84EB-4278ACEA5808}
	EndProjectSection
EndProject
Project("{2150E333-8FDC-42A3-9474-1A3956D46DE8}") = ".nuget", ".nuget", "{E53276D8-BE4D-4BE6-B503-50C8A0096F04}"
	ProjectSection(SolutionItems) = preProject
		.nuget\NuGet.Config = .nuget\NuGet.Config
		.nuget\NuGet.exe = .nuget\NuGet.exe
		.nuget\NuGet.targets = .nuget\NuGet.targets
		.nuget\packages.config = .nuget\packages.config
	EndProjectSection
EndProject
Project("{FAE04EC0-301F-11D3-BF4B-00C04F79EFBC}") = "Nimbus.Startup", "Nimbus.Startup\Nimbus.Startup.csproj", "{89FAE4C8-11E0-4CC0-A0E3-4FFDB400C511}"
EndProject
Project("{2150E333-8FDC-42A3-9474-1A3956D46DE8}") = "LowLevel", "LowLevel", "{D91FCAA8-07BC-4514-959A-26937409713A}"
EndProject
Project("{FAE04EC0-301F-11D3-BF4B-00C04F79EFBC}") = "Nimbus.Web", "Nimbus.Web\Nimbus.Web.csproj", "{88D9068C-E0CB-4FE5-84EB-4278ACEA5808}"
EndProject
Project("{FAE04EC0-301F-11D3-BF4B-00C04F79EFBC}") = "Nimbus.Plumbing", "Nimbus.Plumbing\Nimbus.Plumbing.csproj", "{C28F8F7A-C5A2-4CB4-92B1-9507A87D5FFE}"
EndProject
Project("{FAE04EC0-301F-11D3-BF4B-00C04F79EFBC}") = "Nimbus.DB", "Nimbus.DB\Nimbus.DB.csproj", "{0D485FA6-60BC-410C-B437-37A7C47CDB70}"
EndProject
Project("{FAE04EC0-301F-11D3-BF4B-00C04F79EFBC}") = "Nimbus.Web.UnitTest", "Nimbus.Web.UnitTest\Nimbus.Web.UnitTest.csproj", "{C56119AE-5599-4737-83F3-3AFDAE7A476E}"
EndProject
Project("{2150E333-8FDC-42A3-9474-1A3956D46DE8}") = "_Dependencies", "_Dependencies", "{927F20ED-EDB0-4F05-8586-8693649C7F0C}"
EndProject
Project("{FAE04EC0-301F-11D3-BF4B-00C04F79EFBC}") = "WebApiContrib.Formatting.Html", "Dependencies\WebApiContrib.Formatting.Html\src\WebApiContrib.Formatting.Html\WebApiContrib.Formatting.Html.csproj", "{1055BCC1-BBB1-45F2-8260-E00959A6AC89}"
EndProject
Project("{FAE04EC0-301F-11D3-BF4B-00C04F79EFBC}") = "WebApiContrib.Formatting.Razor", "Dependencies\WebApiContrib.Formatting.Razor\src\WebApiContrib.Formatting.Razor\WebApiContrib.Formatting.Razor.csproj", "{8C15B0D3-9108-4EA3-AE19-3C9571266C47}"
EndProject
Project("{FAE04EC0-301F-11D3-BF4B-00C04F79EFBC}") = "Microsoft.Owin.Hosting.Net45", "Dependencies\Microsoft.Owin.Hosting\Microsoft.Owin.Hosting.Net45.csproj", "{C225EB2F-E7A7-463F-B058-1705F204978E}"
EndProject
Project("{FAE04EC0-301F-11D3-BF4B-00C04F79EFBC}") = "Microsoft.Owin.Net45", "Dependencies\Microsoft.Owin\Microsoft.Owin.Net45.csproj", "{0DB69CAE-B0BC-4688-9467-66B4C1023D3F}"
EndProject
Project("{FAE04EC0-301F-11D3-BF4B-00C04F79EFBC}") = "Microsoft.Owin.Host.HttpListener45", "Dependencies\Microsoft.Owin.Host.HttpListener\Microsoft.Owin.Host.HttpListener45.csproj", "{9F0C72D8-E43F-4F01-9DEB-919191911919}"
EndProject
Project("{FAE04EC0-301F-11D3-BF4B-00C04F79EFBC}") = "Owin.Loader", "Dependencies\Owin.Loader\Owin.Loader.csproj", "{DF967ED4-C320-421C-859C-81034EFF615E}"
EndProject
Project("{FAE04EC0-301F-11D3-BF4B-00C04F79EFBC}") = "System.Web.Http.Owin", "Dependencies\AspNetWebStack\System.Web.Http.Owin\System.Web.Http.Owin.csproj", "{66DD7CD7-C68F-4D0E-9F3D-3B58C49D1467}"
EndProject
Project("{2150E333-8FDC-42A3-9474-1A3956D46DE8}") = "AspNet", "AspNet", "{B3792170-61B4-4928-837A-C55D896CFEDD}"
EndProject
Project("{2150E333-8FDC-42A3-9474-1A3956D46DE8}") = "KatanaProject", "KatanaProject", "{9A9623F1-3C83-4CF0-9C81-9618DA4462CB}"
EndProject
Project("{2150E333-8FDC-42A3-9474-1A3956D46DE8}") = "WebApiContrib", "WebApiContrib", "{D7F2BF93-DBD5-40F5-9844-E1B39D34C6FA}"
EndProject
Project("{FAE04EC0-301F-11D3-BF4B-00C04F79EFBC}") = "System.Web.Http", "Dependencies\AspNetWebStack\System.Web.Http\System.Web.Http.csproj", "{DDC1CE0C-486E-4E35-BB3B-EAB61F8F9440}"
EndProject
Project("{FAE04EC0-301F-11D3-BF4B-00C04F79EFBC}") = "System.Net.Http.Formatting", "Dependencies\AspNetWebStack\System.Net.Http.Formatting\System.Net.Http.Formatting.csproj", "{668E9021-CE84-49D9-98FB-DF125A9FCDB0}"
EndProject
Project("{FAE04EC0-301F-11D3-BF4B-00C04F79EFBC}") = "Microsoft.Owin.Diagnostics", "Dependencies\Microsoft.Owin.Diagnostics\Microsoft.Owin.Diagnostics.csproj", "{670915F7-F111-42FF-B004-39379A9D5951}"
EndProject
Project("{2150E333-8FDC-42A3-9474-1A3956D46DE8}") = "Test", "Test", "{AAA9E3F2-951E-46C8-83E8-B5E0695D2D62}"
EndProject
Project("{FAE04EC0-301F-11D3-BF4B-00C04F79EFBC}") = "Microsoft.Owin.StaticFiles", "Dependencies\Microsoft.Owin.StaticFiles\Microsoft.Owin.StaticFiles.csproj", "{F31A42DB-2F57-4DAC-B2BC-106F2D6F3C82}"
EndProject
Project("{FAE04EC0-301F-11D3-BF4B-00C04F79EFBC}") = "Microsoft.Owin.FileSystems", "Dependencies\Microsoft.Owin.FileSystems\Microsoft.Owin.FileSystems.csproj", "{63988A9B-FA70-4BBA-8C7E-784145384F7C}"
EndProject
Project("{FAE04EC0-301F-11D3-BF4B-00C04F79EFBC}") = "RazorEngine.Core", "Dependencies\RazorEngine.Core\RazorEngine.Core.csproj", "{D268F86D-2DAB-4329-A75F-3BCF6D5BCDC4}"
EndProject
Global
	GlobalSection(SolutionConfigurationPlatforms) = preSolution
		CodeAnalysis|Any CPU = CodeAnalysis|Any CPU
		Debug|Any CPU = Debug|Any CPU
		Release|Any CPU = Release|Any CPU
	EndGlobalSection
	GlobalSection(ProjectConfigurationPlatforms) = postSolution
		{3C5FA9D5-0CE6-4C7E-8D95-27A4187CC797}.CodeAnalysis|Any CPU.ActiveCfg = Release|Any CPU
		{3C5FA9D5-0CE6-4C7E-8D95-27A4187CC797}.CodeAnalysis|Any CPU.Build.0 = Release|Any CPU
		{3C5FA9D5-0CE6-4C7E-8D95-27A4187CC797}.Debug|Any CPU.ActiveCfg = Debug|Any CPU
		{3C5FA9D5-0CE6-4C7E-8D95-27A4187CC797}.Debug|Any CPU.Build.0 = Debug|Any CPU
		{3C5FA9D5-0CE6-4C7E-8D95-27A4187CC797}.Release|Any CPU.ActiveCfg = Release|Any CPU
		{3C5FA9D5-0CE6-4C7E-8D95-27A4187CC797}.Release|Any CPU.Build.0 = Release|Any CPU
		{89FAE4C8-11E0-4CC0-A0E3-4FFDB400C511}.CodeAnalysis|Any CPU.ActiveCfg = Release|Any CPU
		{89FAE4C8-11E0-4CC0-A0E3-4FFDB400C511}.CodeAnalysis|Any CPU.Build.0 = Release|Any CPU
		{89FAE4C8-11E0-4CC0-A0E3-4FFDB400C511}.Debug|Any CPU.ActiveCfg = Debug|Any CPU
		{89FAE4C8-11E0-4CC0-A0E3-4FFDB400C511}.Debug|Any CPU.Build.0 = Debug|Any CPU
		{89FAE4C8-11E0-4CC0-A0E3-4FFDB400C511}.Release|Any CPU.ActiveCfg = Release|Any CPU
		{89FAE4C8-11E0-4CC0-A0E3-4FFDB400C511}.Release|Any CPU.Build.0 = Release|Any CPU
		{88D9068C-E0CB-4FE5-84EB-4278ACEA5808}.CodeAnalysis|Any CPU.ActiveCfg = Release|Any CPU
		{88D9068C-E0CB-4FE5-84EB-4278ACEA5808}.CodeAnalysis|Any CPU.Build.0 = Release|Any CPU
		{88D9068C-E0CB-4FE5-84EB-4278ACEA5808}.Debug|Any CPU.ActiveCfg = Debug|Any CPU
		{88D9068C-E0CB-4FE5-84EB-4278ACEA5808}.Debug|Any CPU.Build.0 = Debug|Any CPU
		{88D9068C-E0CB-4FE5-84EB-4278ACEA5808}.Release|Any CPU.ActiveCfg = Release|Any CPU
		{88D9068C-E0CB-4FE5-84EB-4278ACEA5808}.Release|Any CPU.Build.0 = Release|Any CPU
		{C28F8F7A-C5A2-4CB4-92B1-9507A87D5FFE}.CodeAnalysis|Any CPU.ActiveCfg = Release|Any CPU
		{C28F8F7A-C5A2-4CB4-92B1-9507A87D5FFE}.CodeAnalysis|Any CPU.Build.0 = Release|Any CPU
		{C28F8F7A-C5A2-4CB4-92B1-9507A87D5FFE}.Debug|Any CPU.ActiveCfg = Debug|Any CPU
		{C28F8F7A-C5A2-4CB4-92B1-9507A87D5FFE}.Debug|Any CPU.Build.0 = Debug|Any CPU
		{C28F8F7A-C5A2-4CB4-92B1-9507A87D5FFE}.Release|Any CPU.ActiveCfg = Release|Any CPU
		{C28F8F7A-C5A2-4CB4-92B1-9507A87D5FFE}.Release|Any CPU.Build.0 = Release|Any CPU
		{0D485FA6-60BC-410C-B437-37A7C47CDB70}.CodeAnalysis|Any CPU.ActiveCfg = Release|Any CPU
		{0D485FA6-60BC-410C-B437-37A7C47CDB70}.CodeAnalysis|Any CPU.Build.0 = Release|Any CPU
		{0D485FA6-60BC-410C-B437-37A7C47CDB70}.Debug|Any CPU.ActiveCfg = Debug|Any CPU
		{0D485FA6-60BC-410C-B437-37A7C47CDB70}.Debug|Any CPU.Build.0 = Debug|Any CPU
		{0D485FA6-60BC-410C-B437-37A7C47CDB70}.Release|Any CPU.ActiveCfg = Release|Any CPU
		{0D485FA6-60BC-410C-B437-37A7C47CDB70}.Release|Any CPU.Build.0 = Release|Any CPU
		{C56119AE-5599-4737-83F3-3AFDAE7A476E}.CodeAnalysis|Any CPU.ActiveCfg = Release|Any CPU
		{C56119AE-5599-4737-83F3-3AFDAE7A476E}.CodeAnalysis|Any CPU.Build.0 = Release|Any CPU
		{C56119AE-5599-4737-83F3-3AFDAE7A476E}.Debug|Any CPU.ActiveCfg = Debug|Any CPU
		{C56119AE-5599-4737-83F3-3AFDAE7A476E}.Debug|Any CPU.Build.0 = Debug|Any CPU
		{C56119AE-5599-4737-83F3-3AFDAE7A476E}.Release|Any CPU.ActiveCfg = Release|Any CPU
		{C56119AE-5599-4737-83F3-3AFDAE7A476E}.Release|Any CPU.Build.0 = Release|Any CPU
		{1055BCC1-BBB1-45F2-8260-E00959A6AC89}.CodeAnalysis|Any CPU.ActiveCfg = Release|Any CPU
		{1055BCC1-BBB1-45F2-8260-E00959A6AC89}.CodeAnalysis|Any CPU.Build.0 = Release|Any CPU
		{1055BCC1-BBB1-45F2-8260-E00959A6AC89}.Debug|Any CPU.ActiveCfg = Debug|Any CPU
		{1055BCC1-BBB1-45F2-8260-E00959A6AC89}.Debug|Any CPU.Build.0 = Debug|Any CPU
		{1055BCC1-BBB1-45F2-8260-E00959A6AC89}.Release|Any CPU.ActiveCfg = Release|Any CPU
		{1055BCC1-BBB1-45F2-8260-E00959A6AC89}.Release|Any CPU.Build.0 = Release|Any CPU
		{8C15B0D3-9108-4EA3-AE19-3C9571266C47}.CodeAnalysis|Any CPU.ActiveCfg = Release|Any CPU
		{8C15B0D3-9108-4EA3-AE19-3C9571266C47}.CodeAnalysis|Any CPU.Build.0 = Release|Any CPU
		{8C15B0D3-9108-4EA3-AE19-3C9571266C47}.Debug|Any CPU.ActiveCfg = Debug|Any CPU
		{8C15B0D3-9108-4EA3-AE19-3C9571266C47}.Debug|Any CPU.Build.0 = Debug|Any CPU
		{8C15B0D3-9108-4EA3-AE19-3C9571266C47}.Release|Any CPU.ActiveCfg = Release|Any CPU
		{8C15B0D3-9108-4EA3-AE19-3C9571266C47}.Release|Any CPU.Build.0 = Release|Any CPU
		{C225EB2F-E7A7-463F-B058-1705F204978E}.CodeAnalysis|Any CPU.ActiveCfg = Release|Any CPU
		{C225EB2F-E7A7-463F-B058-1705F204978E}.CodeAnalysis|Any CPU.Build.0 = Release|Any CPU
		{C225EB2F-E7A7-463F-B058-1705F204978E}.Debug|Any CPU.ActiveCfg = Debug|Any CPU
		{C225EB2F-E7A7-463F-B058-1705F204978E}.Debug|Any CPU.Build.0 = Debug|Any CPU
		{C225EB2F-E7A7-463F-B058-1705F204978E}.Release|Any CPU.ActiveCfg = Release|Any CPU
		{C225EB2F-E7A7-463F-B058-1705F204978E}.Release|Any CPU.Build.0 = Release|Any CPU
		{0DB69CAE-B0BC-4688-9467-66B4C1023D3F}.CodeAnalysis|Any CPU.ActiveCfg = Release|Any CPU
		{0DB69CAE-B0BC-4688-9467-66B4C1023D3F}.CodeAnalysis|Any CPU.Build.0 = Release|Any CPU
		{0DB69CAE-B0BC-4688-9467-66B4C1023D3F}.Debug|Any CPU.ActiveCfg = Debug|Any CPU
		{0DB69CAE-B0BC-4688-9467-66B4C1023D3F}.Debug|Any CPU.Build.0 = Debug|Any CPU
		{0DB69CAE-B0BC-4688-9467-66B4C1023D3F}.Release|Any CPU.ActiveCfg = Release|Any CPU
		{0DB69CAE-B0BC-4688-9467-66B4C1023D3F}.Release|Any CPU.Build.0 = Release|Any CPU
		{9F0C72D8-E43F-4F01-9DEB-919191911919}.CodeAnalysis|Any CPU.ActiveCfg = Release|Any CPU
		{9F0C72D8-E43F-4F01-9DEB-919191911919}.CodeAnalysis|Any CPU.Build.0 = Release|Any CPU
		{9F0C72D8-E43F-4F01-9DEB-919191911919}.Debug|Any CPU.ActiveCfg = Debug|Any CPU
		{9F0C72D8-E43F-4F01-9DEB-919191911919}.Debug|Any CPU.Build.0 = Debug|Any CPU
		{9F0C72D8-E43F-4F01-9DEB-919191911919}.Release|Any CPU.ActiveCfg = Release|Any CPU
		{9F0C72D8-E43F-4F01-9DEB-919191911919}.Release|Any CPU.Build.0 = Release|Any CPU
		{DF967ED4-C320-421C-859C-81034EFF615E}.CodeAnalysis|Any CPU.ActiveCfg = Release|Any CPU
		{DF967ED4-C320-421C-859C-81034EFF615E}.CodeAnalysis|Any CPU.Build.0 = Release|Any CPU
		{DF967ED4-C320-421C-859C-81034EFF615E}.Debug|Any CPU.ActiveCfg = Debug|Any CPU
		{DF967ED4-C320-421C-859C-81034EFF615E}.Debug|Any CPU.Build.0 = Debug|Any CPU
		{DF967ED4-C320-421C-859C-81034EFF615E}.Release|Any CPU.ActiveCfg = Release|Any CPU
		{DF967ED4-C320-421C-859C-81034EFF615E}.Release|Any CPU.Build.0 = Release|Any CPU
		{66DD7CD7-C68F-4D0E-9F3D-3B58C49D1467}.CodeAnalysis|Any CPU.ActiveCfg = CodeAnalysis|Any CPU
		{66DD7CD7-C68F-4D0E-9F3D-3B58C49D1467}.CodeAnalysis|Any CPU.Build.0 = CodeAnalysis|Any CPU
		{66DD7CD7-C68F-4D0E-9F3D-3B58C49D1467}.Debug|Any CPU.ActiveCfg = Debug|Any CPU
		{66DD7CD7-C68F-4D0E-9F3D-3B58C49D1467}.Debug|Any CPU.Build.0 = Debug|Any CPU
		{66DD7CD7-C68F-4D0E-9F3D-3B58C49D1467}.Release|Any CPU.ActiveCfg = Debug|Any CPU
		{66DD7CD7-C68F-4D0E-9F3D-3B58C49D1467}.Release|Any CPU.Build.0 = Debug|Any CPU
		{DDC1CE0C-486E-4E35-BB3B-EAB61F8F9440}.CodeAnalysis|Any CPU.ActiveCfg = CodeAnalysis|Any CPU
		{DDC1CE0C-486E-4E35-BB3B-EAB61F8F9440}.CodeAnalysis|Any CPU.Build.0 = CodeAnalysis|Any CPU
		{DDC1CE0C-486E-4E35-BB3B-EAB61F8F9440}.Debug|Any CPU.ActiveCfg = Debug|Any CPU
		{DDC1CE0C-486E-4E35-BB3B-EAB61F8F9440}.Debug|Any CPU.Build.0 = Debug|Any CPU
		{DDC1CE0C-486E-4E35-BB3B-EAB61F8F9440}.Release|Any CPU.ActiveCfg = Debug|Any CPU
		{DDC1CE0C-486E-4E35-BB3B-EAB61F8F9440}.Release|Any CPU.Build.0 = Debug|Any CPU
		{668E9021-CE84-49D9-98FB-DF125A9FCDB0}.CodeAnalysis|Any CPU.ActiveCfg = CodeAnalysis|Any CPU
		{668E9021-CE84-49D9-98FB-DF125A9FCDB0}.CodeAnalysis|Any CPU.Build.0 = CodeAnalysis|Any CPU
		{668E9021-CE84-49D9-98FB-DF125A9FCDB0}.Debug|Any CPU.ActiveCfg = Debug|Any CPU
		{668E9021-CE84-49D9-98FB-DF125A9FCDB0}.Debug|Any CPU.Build.0 = Debug|Any CPU
		{668E9021-CE84-49D9-98FB-DF125A9FCDB0}.Release|Any CPU.ActiveCfg = Release|Any CPU
		{668E9021-CE84-49D9-98FB-DF125A9FCDB0}.Release|Any CPU.Build.0 = Release|Any CPU
		{670915F7-F111-42FF-B004-39379A9D5951}.CodeAnalysis|Any CPU.ActiveCfg = Release|Any CPU
		{670915F7-F111-42FF-B004-39379A9D5951}.CodeAnalysis|Any CPU.Build.0 = Release|Any CPU
		{670915F7-F111-42FF-B004-39379A9D5951}.Debug|Any CPU.ActiveCfg = Debug|Any CPU
		{670915F7-F111-42FF-B004-39379A9D5951}.Debug|Any CPU.Build.0 = Debug|Any CPU
		{670915F7-F111-42FF-B004-39379A9D5951}.Release|Any CPU.ActiveCfg = Release|Any CPU
		{670915F7-F111-42FF-B004-39379A9D5951}.Release|Any CPU.Build.0 = Release|Any CPU
		{F31A42DB-2F57-4DAC-B2BC-106F2D6F3C82}.CodeAnalysis|Any CPU.ActiveCfg = Release|Any CPU
		{F31A42DB-2F57-4DAC-B2BC-106F2D6F3C82}.CodeAnalysis|Any CPU.Build.0 = Release|Any CPU
		{F31A42DB-2F57-4DAC-B2BC-106F2D6F3C82}.Debug|Any CPU.ActiveCfg = Debug|Any CPU
		{F31A42DB-2F57-4DAC-B2BC-106F2D6F3C82}.Debug|Any CPU.Build.0 = Debug|Any CPU
		{F31A42DB-2F57-4DAC-B2BC-106F2D6F3C82}.Release|Any CPU.ActiveCfg = Release|Any CPU
		{F31A42DB-2F57-4DAC-B2BC-106F2D6F3C82}.Release|Any CPU.Build.0 = Release|Any CPU
		{63988A9B-FA70-4BBA-8C7E-784145384F7C}.CodeAnalysis|Any CPU.ActiveCfg = Release|Any CPU
		{63988A9B-FA70-4BBA-8C7E-784145384F7C}.CodeAnalysis|Any CPU.Build.0 = Release|Any CPU
		{63988A9B-FA70-4BBA-8C7E-784145384F7C}.Debug|Any CPU.ActiveCfg = Debug|Any CPU
		{63988A9B-FA70-4BBA-8C7E-784145384F7C}.Debug|Any CPU.Build.0 = Debug|Any CPU
		{63988A9B-FA70-4BBA-8C7E-784145384F7C}.Release|Any CPU.ActiveCfg = Release|Any CPU
		{63988A9B-FA70-4BBA-8C7E-784145384F7C}.Release|Any CPU.Build.0 = Release|Any CPU
		{D268F86D-2DAB-4329-A75F-3BCF6D5BCDC4}.CodeAnalysis|Any CPU.ActiveCfg = Release|Any CPU
		{D268F86D-2DAB-4329-A75F-3BCF6D5BCDC4}.CodeAnalysis|Any CPU.Build.0 = Release|Any CPU
		{D268F86D-2DAB-4329-A75F-3BCF6D5BCDC4}.Debug|Any CPU.ActiveCfg = Debug|Any CPU
		{D268F86D-2DAB-4329-A75F-3BCF6D5BCDC4}.Debug|Any CPU.Build.0 = Debug|Any CPU
		{D268F86D-2DAB-4329-A75F-3BCF6D5BCDC4}.Release|Any CPU.ActiveCfg = Release|Any CPU
		{D268F86D-2DAB-4329-A75F-3BCF6D5BCDC4}.Release|Any CPU.Build.0 = Release|Any CPU
	EndGlobalSection
	GlobalSection(SolutionProperties) = preSolution
		HideSolutionNode = FALSE
	EndGlobalSection
	GlobalSection(NestedProjects) = preSolution
		{89FAE4C8-11E0-4CC0-A0E3-4FFDB400C511} = {D91FCAA8-07BC-4514-959A-26937409713A}
		{3C5FA9D5-0CE6-4C7E-8D95-27A4187CC797} = {D91FCAA8-07BC-4514-959A-26937409713A}
		{C28F8F7A-C5A2-4CB4-92B1-9507A87D5FFE} = {D91FCAA8-07BC-4514-959A-26937409713A}
		{C56119AE-5599-4737-83F3-3AFDAE7A476E} = {AAA9E3F2-951E-46C8-83E8-B5E0695D2D62}
		{D7F2BF93-DBD5-40F5-9844-E1B39D34C6FA} = {927F20ED-EDB0-4F05-8586-8693649C7F0C}
		{9A9623F1-3C83-4CF0-9C81-9618DA4462CB} = {927F20ED-EDB0-4F05-8586-8693649C7F0C}
		{B3792170-61B4-4928-837A-C55D896CFEDD} = {927F20ED-EDB0-4F05-8586-8693649C7F0C}
		{D268F86D-2DAB-4329-A75F-3BCF6D5BCDC4} = {927F20ED-EDB0-4F05-8586-8693649C7F0C}
		{8C15B0D3-9108-4EA3-AE19-3C9571266C47} = {D7F2BF93-DBD5-40F5-9844-E1B39D34C6FA}
		{1055BCC1-BBB1-45F2-8260-E00959A6AC89} = {D7F2BF93-DBD5-40F5-9844-E1B39D34C6FA}
		{0DB69CAE-B0BC-4688-9467-66B4C1023D3F} = {9A9623F1-3C83-4CF0-9C81-9618DA4462CB}
		{9F0C72D8-E43F-4F01-9DEB-919191911919} = {9A9623F1-3C83-4CF0-9C81-9618DA4462CB}
		{DF967ED4-C320-421C-859C-81034EFF615E} = {9A9623F1-3C83-4CF0-9C81-9618DA4462CB}
		{C225EB2F-E7A7-463F-B058-1705F204978E} = {9A9623F1-3C83-4CF0-9C81-9618DA4462CB}
		{670915F7-F111-42FF-B004-39379A9D5951} = {9A9623F1-3C83-4CF0-9C81-9618DA4462CB}
		{F31A42DB-2F57-4DAC-B2BC-106F2D6F3C82} = {9A9623F1-3C83-4CF0-9C81-9618DA4462CB}
		{63988A9B-FA70-4BBA-8C7E-784145384F7C} = {9A9623F1-3C83-4CF0-9C81-9618DA4462CB}
		{66DD7CD7-C68F-4D0E-9F3D-3B58C49D1467} = {B3792170-61B4-4928-837A-C55D896CFEDD}
		{DDC1CE0C-486E-4E35-BB3B-EAB61F8F9440} = {B3792170-61B4-4928-837A-C55D896CFEDD}
		{668E9021-CE84-49D9-98FB-DF125A9FCDB0} = {B3792170-61B4-4928-837A-C55D896CFEDD}
	EndGlobalSection
EndGlobal
