
Microsoft Visual Studio Solution File, Format Version 12.00
# Visual Studio 2012
Project("{FAE04EC0-301F-11D3-BF4B-00C04F79EFBC}") = "Nimbus.ConsoleHost", "Nimbus.ConsoleHost\Nimbus.ConsoleHost.csproj", "{3C5FA9D5-0CE6-4C7E-8D95-27A4187CC797}"
	ProjectSection(ProjectDependencies) = postProject
		{88D9068C-E0CB-4FE5-84EB-4278ACEA5808} = {88D9068C-E0CB-4FE5-84EB-4278ACEA5808}
	EndProjectSection
EndProject
Project("{2150E333-8FDC-42A3-9474-1A3956D46DE8}") = ".nuget", ".nuget", "{E53276D8-BE4D-4BE6-B503-50C8A0096F04}"
	ProjectSection(SolutionItems) = preProject
		.nuget\NuGet.Config = .nuget\NuGet.Config
		.nuget\NuGet.exe = .nuget\NuGet.exe
		.nuget\NuGet.targets = .nuget\NuGet.targets
		.nuget\packages.config = .nuget\packages.config
	EndProjectSection
EndProject
Project("{FAE04EC0-301F-11D3-BF4B-00C04F79EFBC}") = "Nimbus.Plumbing", "Nimbus.Plumbing\Nimbus.Plumbing.csproj", "{89FAE4C8-11E0-4CC0-A0E3-4FFDB400C511}"
EndProject
Project("{2150E333-8FDC-42A3-9474-1A3956D46DE8}") = "LowLevel", "LowLevel", "{D91FCAA8-07BC-4514-959A-26937409713A}"
EndProject
Project("{FAE04EC0-301F-11D3-BF4B-00C04F79EFBC}") = "Nimbus.Web", "Nimbus.Web\Nimbus.Web.csproj", "{88D9068C-E0CB-4FE5-84EB-4278ACEA5808}"
EndProject
Project("{FAE04EC0-301F-11D3-BF4B-00C04F79EFBC}") = "Nimbus.Plumbing.Interface", "Nimbus.Plumbing.Interface\Nimbus.Plumbing.Interface.csproj", "{C28F8F7A-C5A2-4CB4-92B1-9507A87D5FFE}"
EndProject
Project("{FAE04EC0-301F-11D3-BF4B-00C04F79EFBC}") = "Nimbus.DB", "Nimbus.DB\Nimbus.DB.csproj", "{0D485FA6-60BC-410C-B437-37A7C47CDB70}"
EndProject
Project("{FAE04EC0-301F-11D3-BF4B-00C04F79EFBC}") = "Nimbus.Web.UnitTest", "Nimbus.Web.UnitTest\Nimbus.Web.UnitTest.csproj", "{C56119AE-5599-4737-83F3-3AFDAE7A476E}"
EndProject
Global
	GlobalSection(SolutionConfigurationPlatforms) = preSolution
		Debug|Any CPU = Debug|Any CPU
		Release|Any CPU = Release|Any CPU
	EndGlobalSection
	GlobalSection(ProjectConfigurationPlatforms) = postSolution
		{3C5FA9D5-0CE6-4C7E-8D95-27A4187CC797}.Debug|Any CPU.ActiveCfg = Debug|Any CPU
		{3C5FA9D5-0CE6-4C7E-8D95-27A4187CC797}.Debug|Any CPU.Build.0 = Debug|Any CPU
		{3C5FA9D5-0CE6-4C7E-8D95-27A4187CC797}.Release|Any CPU.ActiveCfg = Release|Any CPU
		{3C5FA9D5-0CE6-4C7E-8D95-27A4187CC797}.Release|Any CPU.Build.0 = Release|Any CPU
		{89FAE4C8-11E0-4CC0-A0E3-4FFDB400C511}.Debug|Any CPU.ActiveCfg = Debug|Any CPU
		{89FAE4C8-11E0-4CC0-A0E3-4FFDB400C511}.Debug|Any CPU.Build.0 = Debug|Any CPU
		{89FAE4C8-11E0-4CC0-A0E3-4FFDB400C511}.Release|Any CPU.ActiveCfg = Release|Any CPU
		{89FAE4C8-11E0-4CC0-A0E3-4FFDB400C511}.Release|Any CPU.Build.0 = Release|Any CPU
		{88D9068C-E0CB-4FE5-84EB-4278ACEA5808}.Debug|Any CPU.ActiveCfg = Debug|Any CPU
		{88D9068C-E0CB-4FE5-84EB-4278ACEA5808}.Debug|Any CPU.Build.0 = Debug|Any CPU
		{88D9068C-E0CB-4FE5-84EB-4278ACEA5808}.Release|Any CPU.ActiveCfg = Release|Any CPU
		{88D9068C-E0CB-4FE5-84EB-4278ACEA5808}.Release|Any CPU.Build.0 = Release|Any CPU
		{C28F8F7A-C5A2-4CB4-92B1-9507A87D5FFE}.Debug|Any CPU.ActiveCfg = Debug|Any CPU
		{C28F8F7A-C5A2-4CB4-92B1-9507A87D5FFE}.Debug|Any CPU.Build.0 = Debug|Any CPU
		{C28F8F7A-C5A2-4CB4-92B1-9507A87D5FFE}.Release|Any CPU.ActiveCfg = Release|Any CPU
		{C28F8F7A-C5A2-4CB4-92B1-9507A87D5FFE}.Release|Any CPU.Build.0 = Release|Any CPU
		{0D485FA6-60BC-410C-B437-37A7C47CDB70}.Debug|Any CPU.ActiveCfg = Debug|Any CPU
		{0D485FA6-60BC-410C-B437-37A7C47CDB70}.Debug|Any CPU.Build.0 = Debug|Any CPU
		{0D485FA6-60BC-410C-B437-37A7C47CDB70}.Release|Any CPU.ActiveCfg = Release|Any CPU
		{0D485FA6-60BC-410C-B437-37A7C47CDB70}.Release|Any CPU.Build.0 = Release|Any CPU
		{C56119AE-5599-4737-83F3-3AFDAE7A476E}.Debug|Any CPU.ActiveCfg = Debug|Any CPU
		{C56119AE-5599-4737-83F3-3AFDAE7A476E}.Debug|Any CPU.Build.0 = Debug|Any CPU
		{C56119AE-5599-4737-83F3-3AFDAE7A476E}.Release|Any CPU.ActiveCfg = Release|Any CPU
		{C56119AE-5599-4737-83F3-3AFDAE7A476E}.Release|Any CPU.Build.0 = Release|Any CPU
	EndGlobalSection
	GlobalSection(SolutionProperties) = preSolution
		HideSolutionNode = FALSE
	EndGlobalSection
	GlobalSection(NestedProjects) = preSolution
		{89FAE4C8-11E0-4CC0-A0E3-4FFDB400C511} = {D91FCAA8-07BC-4514-959A-26937409713A}
		{3C5FA9D5-0CE6-4C7E-8D95-27A4187CC797} = {D91FCAA8-07BC-4514-959A-26937409713A}
		{C28F8F7A-C5A2-4CB4-92B1-9507A87D5FFE} = {D91FCAA8-07BC-4514-959A-26937409713A}
	EndGlobalSection
EndGlobal
